
Microsoft Visual Studio Solution File, Format Version 12.00
# Visual Studio Version 17
VisualStudioVersion = 17.9.34902.65
MinimumVisualStudioVersion = 10.0.40219.1
Project("{FAE04EC0-301F-11D3-BF4B-00C04F79EFBC}") = "ServerRedes", "ServerRedes\ServerRedes.csproj", "{835CDCA4-95FC-4891-A889-AAA18C383FFB}"
EndProject
Global
	GlobalSection(SolutionConfigurationPlatforms) = preSolution
		Debug|Any CPU = Debug|Any CPU
		Release|Any CPU = Release|Any CPU
	EndGlobalSection
	GlobalSection(ProjectConfigurationPlatforms) = postSolution
		{835CDCA4-95FC-4891-A889-AAA18C383FFB}.Debug|Any CPU.ActiveCfg = Debug|Any CPU
		{835CDCA4-95FC-4891-A889-AAA18C383FFB}.Debug|Any CPU.Build.0 = Debug|Any CPU
		{835CDCA4-95FC-4891-A889-AAA18C383FFB}.Release|Any CPU.ActiveCfg = Release|Any CPU
		{835CDCA4-95FC-4891-A889-AAA18C383FFB}.Release|Any CPU.Build.0 = Release|Any CPU
	EndGlobalSection
	GlobalSection(SolutionProperties) = preSolution
		HideSolutionNode = FALSE
	EndGlobalSection
	GlobalSection(ExtensibilityGlobals) = postSolution
		SolutionGuid = {8EFFEEDC-048B-4097-8F14-30E8F6678AE6}
	EndGlobalSection
EndGlobal
